
Microsoft Visual Studio Solution File, Format Version 12.00
# Visual Studio 15
VisualStudioVersion = 15.0.27130.2024
MinimumVisualStudioVersion = 10.0.40219.1
Project("{FAE04EC0-301F-11D3-BF4B-00C04F79EFBC}") = "TreinaWeb.MinhaApi.Api", "TreinaWeb.MinhaApi.Api\TreinaWeb.MinhaApi.Api.csproj", "{9BA9A943-F327-4F34-A55C-89D5A1A0AB66}"
EndProject
Project("{FAE04EC0-301F-11D3-BF4B-00C04F79EFBC}") = "TreinaWeb.MinhaApi.Dominio", "TreinaWeb.MinhaApi.Dominio\TreinaWeb.MinhaApi.Dominio.csproj", "{C76DAA2B-F435-4162-BCEB-6CDA1E5C7CFF}"
EndProject
Project("{FAE04EC0-301F-11D3-BF4B-00C04F79EFBC}") = "TreinaWeb.MinhaApi.AcessoDados.Entity", "TreinaWeb.MinhaApi.AcessoDados.Entity\TreinaWeb.MinhaApi.AcessoDados.Entity.csproj", "{421D5B7C-D371-4A79-9AA1-FA885BD2FC8C}"
EndProject
Project("{2150E333-8FDC-42A3-9474-1A3956D46DE8}") = "Comum", "Comum", "{1EF99AFD-A696-4C23-9424-DCBBB22F025A}"
EndProject
Project("{FAE04EC0-301F-11D3-BF4B-00C04F79EFBC}") = "TreinaWeb.Comum.Repositorios.Interfaces", "TreinaWeb.Comum.Repositorios.Interfaces\TreinaWeb.Comum.Repositorios.Interfaces.csproj", "{5F13BD5A-4FC2-4898-9042-E5B11BFAB5CE}"
EndProject
Project("{FAE04EC0-301F-11D3-BF4B-00C04F79EFBC}") = "TreinaWeb.Comum.Repositorios.Entity", "TreinaWeb.Comum.Repositorios.Entity\TreinaWeb.Comum.Repositorios.Entity.csproj", "{AA528544-8AF7-443F-9A8D-E92CABB2511F}"
EndProject
Project("{FAE04EC0-301F-11D3-BF4B-00C04F79EFBC}") = "TreinaWeb.MinhaApi.Repositorios.Entity", "TreinaWeb.MinhaApi.Repositorios.Entity\TreinaWeb.MinhaApi.Repositorios.Entity.csproj", "{DC619B45-00CB-4566-8610-42D2F378DBEC}"
EndProject
Global
	GlobalSection(SolutionConfigurationPlatforms) = preSolution
		Debug|Any CPU = Debug|Any CPU
		Release|Any CPU = Release|Any CPU
	EndGlobalSection
	GlobalSection(ProjectConfigurationPlatforms) = postSolution
		{9BA9A943-F327-4F34-A55C-89D5A1A0AB66}.Debug|Any CPU.ActiveCfg = Debug|Any CPU
		{9BA9A943-F327-4F34-A55C-89D5A1A0AB66}.Debug|Any CPU.Build.0 = Debug|Any CPU
		{9BA9A943-F327-4F34-A55C-89D5A1A0AB66}.Release|Any CPU.ActiveCfg = Release|Any CPU
		{9BA9A943-F327-4F34-A55C-89D5A1A0AB66}.Release|Any CPU.Build.0 = Release|Any CPU
		{C76DAA2B-F435-4162-BCEB-6CDA1E5C7CFF}.Debug|Any CPU.ActiveCfg = Debug|Any CPU
		{C76DAA2B-F435-4162-BCEB-6CDA1E5C7CFF}.Debug|Any CPU.Build.0 = Debug|Any CPU
		{C76DAA2B-F435-4162-BCEB-6CDA1E5C7CFF}.Release|Any CPU.ActiveCfg = Release|Any CPU
		{C76DAA2B-F435-4162-BCEB-6CDA1E5C7CFF}.Release|Any CPU.Build.0 = Release|Any CPU
		{421D5B7C-D371-4A79-9AA1-FA885BD2FC8C}.Debug|Any CPU.ActiveCfg = Debug|Any CPU
		{421D5B7C-D371-4A79-9AA1-FA885BD2FC8C}.Debug|Any CPU.Build.0 = Debug|Any CPU
		{421D5B7C-D371-4A79-9AA1-FA885BD2FC8C}.Release|Any CPU.ActiveCfg = Release|Any CPU
		{421D5B7C-D371-4A79-9AA1-FA885BD2FC8C}.Release|Any CPU.Build.0 = Release|Any CPU
		{5F13BD5A-4FC2-4898-9042-E5B11BFAB5CE}.Debug|Any CPU.ActiveCfg = Debug|Any CPU
		{5F13BD5A-4FC2-4898-9042-E5B11BFAB5CE}.Debug|Any CPU.Build.0 = Debug|Any CPU
		{5F13BD5A-4FC2-4898-9042-E5B11BFAB5CE}.Release|Any CPU.ActiveCfg = Release|Any CPU
		{5F13BD5A-4FC2-4898-9042-E5B11BFAB5CE}.Release|Any CPU.Build.0 = Release|Any CPU
		{AA528544-8AF7-443F-9A8D-E92CABB2511F}.Debug|Any CPU.ActiveCfg = Debug|Any CPU
		{AA528544-8AF7-443F-9A8D-E92CABB2511F}.Debug|Any CPU.Build.0 = Debug|Any CPU
		{AA528544-8AF7-443F-9A8D-E92CABB2511F}.Release|Any CPU.ActiveCfg = Release|Any CPU
		{AA528544-8AF7-443F-9A8D-E92CABB2511F}.Release|Any CPU.Build.0 = Release|Any CPU
		{DC619B45-00CB-4566-8610-42D2F378DBEC}.Debug|Any CPU.ActiveCfg = Debug|Any CPU
		{DC619B45-00CB-4566-8610-42D2F378DBEC}.Debug|Any CPU.Build.0 = Debug|Any CPU
		{DC619B45-00CB-4566-8610-42D2F378DBEC}.Release|Any CPU.ActiveCfg = Release|Any CPU
		{DC619B45-00CB-4566-8610-42D2F378DBEC}.Release|Any CPU.Build.0 = Release|Any CPU
	EndGlobalSection
	GlobalSection(SolutionProperties) = preSolution
		HideSolutionNode = FALSE
	EndGlobalSection
	GlobalSection(NestedProjects) = preSolution
		{5F13BD5A-4FC2-4898-9042-E5B11BFAB5CE} = {1EF99AFD-A696-4C23-9424-DCBBB22F025A}
		{AA528544-8AF7-443F-9A8D-E92CABB2511F} = {1EF99AFD-A696-4C23-9424-DCBBB22F025A}
	EndGlobalSection
	GlobalSection(ExtensibilityGlobals) = postSolution
		SolutionGuid = {3154DD9A-1459-49F1-880E-D98FD5612936}
	EndGlobalSection
EndGlobal
